// !$*UTF8*$!
{
	archiveVersion = 1;
	classes = {
	};
	objectVersion = 77;
	objects = {

/* Begin PBXContainerItemProxy section */
		AB31B8582E317FDC00F0AC79 /* PBXContainerItemProxy */ = {
			isa = PBXContainerItemProxy;
			containerPortal = AB31B8422E317FDB00F0AC79 /* Project object */;
			proxyType = 1;
			remoteGlobalIDString = AB31B8492E317FDB00F0AC79;
			remoteInfo = InteractiveUI;
		};
		AB31B8622E317FDC00F0AC79 /* PBXContainerItemProxy */ = {
			isa = PBXContainerItemProxy;
			containerPortal = AB31B8422E317FDB00F0AC79 /* Project object */;
			proxyType = 1;
			remoteGlobalIDString = AB31B8492E317FDB00F0AC79;
			remoteInfo = InteractiveUI;
		};
/* End PBXContainerItemProxy section */

/* Begin PBXFileReference section */
		AB31B84A2E317FDB00F0AC79 /* InteractiveUI.app */ = {isa = PBXFileReference; explicitFileType = wrapper.application; includeInIndex = 0; path = InteractiveUI.app; sourceTree = BUILT_PRODUCTS_DIR; };
		AB31B8572E317FDC00F0AC79 /* InteractiveUITests.xctest */ = {isa = PBXFileReference; explicitFileType = wrapper.cfbundle; includeInIndex = 0; path = InteractiveUITests.xctest; sourceTree = BUILT_PRODUCTS_DIR; };
		AB31B8612E317FDC00F0AC79 /* InteractiveUIUITests.xctest */ = {isa = PBXFileReference; explicitFileType = wrapper.cfbundle; includeInIndex = 0; path = InteractiveUIUITests.xctest; sourceTree = BUILT_PRODUCTS_DIR; };
/* End PBXFileReference section */

/* Begin PBXFileSystemSynchronizedRootGroup section */
		AB31B84C2E317FDB00F0AC79 /* InteractiveUI */ = {
			isa = PBXFileSystemSynchronizedRootGroup;
			path = InteractiveUI;
			sourceTree = "<group>";
		};
		AB31B85A2E317FDC00F0AC79 /* InteractiveUITests */ = {
			isa = PBXFileSystemSynchronizedRootGroup;
			path = InteractiveUITests;
			sourceTree = "<group>";
		};
		AB31B8642E317FDC00F0AC79 /* InteractiveUIUITests */ = {
			isa = PBXFileSystemSynchronizedRootGroup;
			path = InteractiveUIUITests;
			sourceTree = "<group>";
		};
/* End PBXFileSystemSynchronizedRootGroup section */

/* Begin PBXFrameworksBuildPhase section */
		AB31B8472E317FDB00F0AC79 /* Frameworks */ = {
			isa = PBXFrameworksBuildPhase;
			buildActionMask = 2147483647;
			files = (
			);
			runOnlyForDeploymentPostprocessing = 0;
		};
		AB31B8542E317FDC00F0AC79 /* Frameworks */ = {
			isa = PBXFrameworksBuildPhase;
			buildActionMask = 2147483647;
			files = (
			);
			runOnlyForDeploymentPostprocessing = 0;
		};
		AB31B85E2E317FDC00F0AC79 /* Frameworks */ = {
			isa = PBXFrameworksBuildPhase;
			buildActionMask = 2147483647;
			files = (
			);
			runOnlyForDeploymentPostprocessing = 0;
		};
/* End PBXFrameworksBuildPhase section */

/* Begin PBXGroup section */
		AB31B8412E317FDB00F0AC79 = {
			isa = PBXGroup;
			children = (
				AB31B84C2E317FDB00F0AC79 /* InteractiveUI */,
				AB31B85A2E317FDC00F0AC79 /* InteractiveUITests */,
				AB31B8642E317FDC00F0AC79 /* InteractiveUIUITests */,
				AB31B84B2E317FDB00F0AC79 /* Products */,
			);
			sourceTree = "<group>";
		};
		AB31B84B2E317FDB00F0AC79 /* Products */ = {
			isa = PBXGroup;
			children = (
				AB31B84A2E317FDB00F0AC79 /* InteractiveUI.app */,
				AB31B8572E317FDC00F0AC79 /* InteractiveUITests.xctest */,
				AB31B8612E317FDC00F0AC79 /* InteractiveUIUITests.xctest */,
			);
			name = Products;
			sourceTree = "<group>";
		};
/* End PBXGroup section */

/* Begin PBXNativeTarget section */
		AB31B8492E317FDB00F0AC79 /* InteractiveUI */ = {
			isa = PBXNativeTarget;
			buildConfigurationList = AB31B86B2E317FDC00F0AC79 /* Build configuration list for PBXNativeTarget "InteractiveUI" */;
			buildPhases = (
				AB31B8462E317FDB00F0AC79 /* Sources */,
				AB31B8472E317FDB00F0AC79 /* Frameworks */,
				AB31B8482E317FDB00F0AC79 /* Resources */,
			);
			buildRules = (
			);
			dependencies = (
			);
			fileSystemSynchronizedGroups = (
				AB31B84C2E317FDB00F0AC79 /* InteractiveUI */,
			);
			name = InteractiveUI;
			packageProductDependencies = (
			);
			productName = InteractiveUI;
			productReference = AB31B84A2E317FDB00F0AC79 /* InteractiveUI.app */;
			productType = "com.apple.product-type.application";
		};
		AB31B8562E317FDC00F0AC79 /* InteractiveUITests */ = {
			isa = PBXNativeTarget;
			buildConfigurationList = AB31B86E2E317FDC00F0AC79 /* Build configuration list for PBXNativeTarget "InteractiveUITests" */;
			buildPhases = (
				AB31B8532E317FDC00F0AC79 /* Sources */,
				AB31B8542E317FDC00F0AC79 /* Frameworks */,
				AB31B8552E317FDC00F0AC79 /* Resources */,
			);
			buildRules = (
			);
			dependencies = (
				AB31B8592E317FDC00F0AC79 /* PBXTargetDependency */,
			);
			fileSystemSynchronizedGroups = (
				AB31B85A2E317FDC00F0AC79 /* InteractiveUITests */,
			);
			name = InteractiveUITests;
			packageProductDependencies = (
			);
			productName = InteractiveUITests;
			productReference = AB31B8572E317FDC00F0AC79 /* InteractiveUITests.xctest */;
			productType = "com.apple.product-type.bundle.unit-test";
		};
		AB31B8602E317FDC00F0AC79 /* InteractiveUIUITests */ = {
			isa = PBXNativeTarget;
			buildConfigurationList = AB31B8712E317FDC00F0AC79 /* Build configuration list for PBXNativeTarget "InteractiveUIUITests" */;
			buildPhases = (
				AB31B85D2E317FDC00F0AC79 /* Sources */,
				AB31B85E2E317FDC00F0AC79 /* Frameworks */,
				AB31B85F2E317FDC00F0AC79 /* Resources */,
			);
			buildRules = (
			);
			dependencies = (
				AB31B8632E317FDC00F0AC79 /* PBXTargetDependency */,
			);
			fileSystemSynchronizedGroups = (
				AB31B8642E317FDC00F0AC79 /* InteractiveUIUITests */,
			);
			name = InteractiveUIUITests;
			packageProductDependencies = (
			);
			productName = InteractiveUIUITests;
			productReference = AB31B8612E317FDC00F0AC79 /* InteractiveUIUITests.xctest */;
			productType = "com.apple.product-type.bundle.ui-testing";
		};
/* End PBXNativeTarget section */

/* Begin PBXProject section */
		AB31B8422E317FDB00F0AC79 /* Project object */ = {
			isa = PBXProject;
			attributes = {
				BuildIndependentTargetsInParallel = 1;
				LastSwiftUpdateCheck = 1640;
				LastUpgradeCheck = 1640;
				TargetAttributes = {
					AB31B8492E317FDB00F0AC79 = {
						CreatedOnToolsVersion = 16.4;
					};
					AB31B8562E317FDC00F0AC79 = {
						CreatedOnToolsVersion = 16.4;
						TestTargetID = AB31B8492E317FDB00F0AC79;
					};
					AB31B8602E317FDC00F0AC79 = {
						CreatedOnToolsVersion = 16.4;
						TestTargetID = AB31B8492E317FDB00F0AC79;
					};
				};
			};
			buildConfigurationList = AB31B8452E317FDB00F0AC79 /* Build configuration list for PBXProject "InteractiveUI" */;
			developmentRegion = en;
			hasScannedForEncodings = 0;
			knownRegions = (
				en,
				Base,
			);
			mainGroup = AB31B8412E317FDB00F0AC79;
			minimizedProjectReferenceProxies = 1;
			preferredProjectObjectVersion = 77;
			productRefGroup = AB31B84B2E317FDB00F0AC79 /* Products */;
			projectDirPath = "";
			projectRoot = "";
			targets = (
				AB31B8492E317FDB00F0AC79 /* InteractiveUI */,
				AB31B8562E317FDC00F0AC79 /* InteractiveUITests */,
				AB31B8602E317FDC00F0AC79 /* InteractiveUIUITests */,
			);
		};
/* End PBXProject section */

/* Begin PBXResourcesBuildPhase section */
		AB31B8482E317FDB00F0AC79 /* Resources */ = {
			isa = PBXResourcesBuildPhase;
			buildActionMask = 2147483647;
			files = (
			);
			runOnlyForDeploymentPostprocessing = 0;
		};
		AB31B8552E317FDC00F0AC79 /* Resources */ = {
			isa = PBXResourcesBuildPhase;
			buildActionMask = 2147483647;
			files = (
			);
			runOnlyForDeploymentPostprocessing = 0;
		};
		AB31B85F2E317FDC00F0AC79 /* Resources */ = {
			isa = PBXResourcesBuildPhase;
			buildActionMask = 2147483647;
			files = (
			);
			runOnlyForDeploymentPostprocessing = 0;
		};
/* End PBXResourcesBuildPhase section */

/* Begin PBXSourcesBuildPhase section */
		AB31B8462E317FDB00F0AC79 /* Sources */ = {
			isa = PBXSourcesBuildPhase;
			buildActionMask = 2147483647;
			files = (
			);
			runOnlyForDeploymentPostprocessing = 0;
		};
		AB31B8532E317FDC00F0AC79 /* Sources */ = {
			isa = PBXSourcesBuildPhase;
			buildActionMask = 2147483647;
			files = (
			);
			runOnlyForDeploymentPostprocessing = 0;
		};
		AB31B85D2E317FDC00F0AC79 /* Sources */ = {
			isa = PBXSourcesBuildPhase;
			buildActionMask = 2147483647;
			files = (
			);
			runOnlyForDeploymentPostprocessing = 0;
		};
/* End PBXSourcesBuildPhase section */

/* Begin PBXTargetDependency section */
		AB31B8592E317FDC00F0AC79 /* PBXTargetDependency */ = {
			isa = PBXTargetDependency;
			target = AB31B8492E317FDB00F0AC79 /* InteractiveUI */;
			targetProxy = AB31B8582E317FDC00F0AC79 /* PBXContainerItemProxy */;
		};
		AB31B8632E317FDC00F0AC79 /* PBXTargetDependency */ = {
			isa = PBXTargetDependency;
			target = AB31B8492E317FDB00F0AC79 /* InteractiveUI */;
			targetProxy = AB31B8622E317FDC00F0AC79 /* PBXContainerItemProxy */;
		};
/* End PBXTargetDependency section */

/* Begin XCBuildConfiguration section */
		AB31B8692E317FDC00F0AC79 /* Debug */ = {
			isa = XCBuildConfiguration;
			buildSettings = {
				ALWAYS_SEARCH_USER_PATHS = NO;
				ASSETCATALOG_COMPILER_GENERATE_SWIFT_ASSET_SYMBOL_EXTENSIONS = YES;
				CLANG_ANALYZER_NONNULL = YES;
				CLANG_ANALYZER_NUMBER_OBJECT_CONVERSION = YES_AGGRESSIVE;
				CLANG_CXX_LANGUAGE_STANDARD = "gnu++20";
				CLANG_ENABLE_MODULES = YES;
				CLANG_ENABLE_OBJC_ARC = YES;
				CLANG_ENABLE_OBJC_WEAK = YES;
				CLANG_WARN_BLOCK_CAPTURE_AUTORELEASING = YES;
				CLANG_WARN_BOOL_CONVERSION = YES;
				CLANG_WARN_COMMA = YES;
				CLANG_WARN_CONSTANT_CONVERSION = YES;
				CLANG_WARN_DEPRECATED_OBJC_IMPLEMENTATIONS = YES;
				CLANG_WARN_DIRECT_OBJC_ISA_USAGE = YES_ERROR;
				CLANG_WARN_DOCUMENTATION_COMMENTS = YES;
				CLANG_WARN_EMPTY_BODY = YES;
				CLANG_WARN_ENUM_CONVERSION = YES;
				CLANG_WARN_INFINITE_RECURSION = YES;
				CLANG_WARN_INT_CONVERSION = YES;
				CLANG_WARN_NON_LITERAL_NULL_CONVERSION = YES;
				CLANG_WARN_OBJC_IMPLICIT_RETAIN_SELF = YES;
				CLANG_WARN_OBJC_LITERAL_CONVERSION = YES;
				CLANG_WARN_OBJC_ROOT_CLASS = YES_ERROR;
				CLANG_WARN_QUOTED_INCLUDE_IN_FRAMEWORK_HEADER = YES;
				CLANG_WARN_RANGE_LOOP_ANALYSIS = YES;
				CLANG_WARN_STRICT_PROTOTYPES = YES;
				CLANG_WARN_SUSPICIOUS_MOVE = YES;
				CLANG_WARN_UNGUARDED_AVAILABILITY = YES_AGGRESSIVE;
				CLANG_WARN_UNREACHABLE_CODE = YES;
				CLANG_WARN__DUPLICATE_METHOD_MATCH = YES;
				COPY_PHASE_STRIP = NO;
				DEBUG_INFORMATION_FORMAT = dwarf;
				ENABLE_STRICT_OBJC_MSGSEND = YES;
				ENABLE_TESTABILITY = YES;
				ENABLE_USER_SCRIPT_SANDBOXING = YES;
				GCC_C_LANGUAGE_STANDARD = gnu17;
				GCC_DYNAMIC_NO_PIC = NO;
				GCC_NO_COMMON_BLOCKS = YES;
				GCC_OPTIMIZATION_LEVEL = 0;
				GCC_PREPROCESSOR_DEFINITIONS = (
					"DEBUG=1",
					"$(inherited)",
				);
				GCC_WARN_64_TO_32_BIT_CONVERSION = YES;
				GCC_WARN_ABOUT_RETURN_TYPE = YES_ERROR;
				GCC_WARN_UNDECLARED_SELECTOR = YES;
				GCC_WARN_UNINITIALIZED_AUTOS = YES_AGGRESSIVE;
				GCC_WARN_UNUSED_FUNCTION = YES;
				GCC_WARN_UNUSED_VARIABLE = YES;
				IPHONEOS_DEPLOYMENT_TARGET = 18.5;
				LOCALIZATION_PREFERS_STRING_CATALOGS = YES;
				MTL_ENABLE_DEBUG_INFO = INCLUDE_SOURCE;
				MTL_FAST_MATH = YES;
				ONLY_ACTIVE_ARCH = YES;
				SDKROOT = iphoneos;
				SWIFT_ACTIVE_COMPILATION_CONDITIONS = "DEBUG $(inherited)";
				SWIFT_OPTIMIZATION_LEVEL = "-Onone";
			};
			name = Debug;
		};
		AB31B86A2E317FDC00F0AC79 /* Release */ = {
			isa = XCBuildConfiguration;
			buildSettings = {
				ALWAYS_SEARCH_USER_PATHS = NO;
				ASSETCATALOG_COMPILER_GENERATE_SWIFT_ASSET_SYMBOL_EXTENSIONS = YES;
				CLANG_ANALYZER_NONNULL = YES;
				CLANG_ANALYZER_NUMBER_OBJECT_CONVERSION = YES_AGGRESSIVE;
				CLANG_CXX_LANGUAGE_STANDARD = "gnu++20";
				CLANG_ENABLE_MODULES = YES;
				CLANG_ENABLE_OBJC_ARC = YES;
				CLANG_ENABLE_OBJC_WEAK = YES;
				CLANG_WARN_BLOCK_CAPTURE_AUTORELEASING = YES;
				CLANG_WARN_BOOL_CONVERSION = YES;
				CLANG_WARN_COMMA = YES;
				CLANG_WARN_CONSTANT_CONVERSION = YES;
				CLANG_WARN_DEPRECATED_OBJC_IMPLEMENTATIONS = YES;
				CLANG_WARN_DIRECT_OBJC_ISA_USAGE = YES_ERROR;
				CLANG_WARN_DOCUMENTATION_COMMENTS = YES;
				CLANG_WARN_EMPTY_BODY = YES;
				CLANG_WARN_ENUM_CONVERSION = YES;
				CLANG_WARN_INFINITE_RECURSION = YES;
				CLANG_WARN_INT_CONVERSION = YES;
				CLANG_WARN_NON_LITERAL_NULL_CONVERSION = YES;
				CLANG_WARN_OBJC_IMPLICIT_RETAIN_SELF = YES;
				CLANG_WARN_OBJC_LITERAL_CONVERSION = YES;
				CLANG_WARN_OBJC_ROOT_CLASS = YES_ERROR;
				CLANG_WARN_QUOTED_INCLUDE_IN_FRAMEWORK_HEADER = YES;
				CLANG_WARN_RANGE_LOOP_ANALYSIS = YES;
				CLANG_WARN_STRICT_PROTOTYPES = YES;
				CLANG_WARN_SUSPICIOUS_MOVE = YES;
				CLANG_WARN_UNGUARDED_AVAILABILITY = YES_AGGRESSIVE;
				CLANG_WARN_UNREACHABLE_CODE = YES;
				CLANG_WARN__DUPLICATE_METHOD_MATCH = YES;
				COPY_PHASE_STRIP = NO;
				DEBUG_INFORMATION_FORMAT = "dwarf-with-dsym";
				ENABLE_NS_ASSERTIONS = NO;
				ENABLE_STRICT_OBJC_MSGSEND = YES;
				ENABLE_USER_SCRIPT_SANDBOXING = YES;
				GCC_C_LANGUAGE_STANDARD = gnu17;
				GCC_NO_COMMON_BLOCKS = YES;
				GCC_WARN_64_TO_32_BIT_CONVERSION = YES;
				GCC_WARN_ABOUT_RETURN_TYPE = YES_ERROR;
				GCC_WARN_UNDECLARED_SELECTOR = YES;
				GCC_WARN_UNINITIALIZED_AUTOS = YES_AGGRESSIVE;
				GCC_WARN_UNUSED_FUNCTION = YES;
				GCC_WARN_UNUSED_VARIABLE = YES;
				IPHONEOS_DEPLOYMENT_TARGET = 18.5;
				LOCALIZATION_PREFERS_STRING_CATALOGS = YES;
				MTL_ENABLE_DEBUG_INFO = NO;
				MTL_FAST_MATH = YES;
				SDKROOT = iphoneos;
				SWIFT_COMPILATION_MODE = wholemodule;
				VALIDATE_PRODUCT = YES;
			};
			name = Release;
		};
		AB31B86C2E317FDC00F0AC79 /* Debug */ = {
			isa = XCBuildConfiguration;
			buildSettings = {
				ASSETCATALOG_COMPILER_APPICON_NAME = AppIcon;
				ASSETCATALOG_COMPILER_GLOBAL_ACCENT_COLOR_NAME = AccentColor;
				CODE_SIGN_STYLE = Automatic;
				CURRENT_PROJECT_VERSION = 1;
				ENABLE_PREVIEWS = YES;
				GENERATE_INFOPLIST_FILE = YES;
				INFOPLIST_KEY_UIApplicationSceneManifest_Generation = YES;
				INFOPLIST_KEY_UIApplicationSupportsIndirectInputEvents = YES;
				INFOPLIST_KEY_UILaunchScreen_Generation = YES;
				INFOPLIST_KEY_UISupportedInterfaceOrientations_iPad = "UIInterfaceOrientationPortrait UIInterfaceOrientationPortraitUpsideDown UIInterfaceOrientationLandscapeLeft UIInterfaceOrientationLandscapeRight";
				INFOPLIST_KEY_UISupportedInterfaceOrientations_iPhone = "UIInterfaceOrientationPortrait UIInterfaceOrientationLandscapeLeft UIInterfaceOrientationLandscapeRight";
				LD_RUNPATH_SEARCH_PATHS = (
					"$(inherited)",
					"@executable_path/Frameworks",
				);
				MARKETING_VERSION = 1.0;
				PRODUCT_BUNDLE_IDENTIFIER = kwk.InteractiveUI;
				PRODUCT_NAME = "$(TARGET_NAME)";
				SWIFT_EMIT_LOC_STRINGS = YES;
				SWIFT_VERSION = 5.0;
				TARGETED_DEVICE_FAMILY = "1,2";
			};
			name = Debug;
		};
		AB31B86D2E317FDC00F0AC79 /* Release */ = {
			isa = XCBuildConfiguration;
			buildSettings = {
				ASSETCATALOG_COMPILER_APPICON_NAME = AppIcon;
				ASSETCATALOG_COMPILER_GLOBAL_ACCENT_COLOR_NAME = AccentColor;
				CODE_SIGN_STYLE = Automatic;
				CURRENT_PROJECT_VERSION = 1;
				ENABLE_PREVIEWS = YES;
				GENERATE_INFOPLIST_FILE = YES;
				INFOPLIST_KEY_UIApplicationSceneManifest_Generation = YES;
				INFOPLIST_KEY_UIApplicationSupportsIndirectInputEvents = YES;
				INFOPLIST_KEY_UILaunchScreen_Generation = YES;
				INFOPLIST_KEY_UISupportedInterfaceOrientations_iPad = "UIInterfaceOrientationPortrait UIInterfaceOrientationPortraitUpsideDown UIInterfaceOrientationLandscapeLeft UIInterfaceOrientationLandscapeRight";
				INFOPLIST_KEY_UISupportedInterfaceOrientations_iPhone = "UIInterfaceOrientationPortrait UIInterfaceOrientationLandscapeLeft UIInterfaceOrientationLandscapeRight";
				LD_RUNPATH_SEARCH_PATHS = (
					"$(inherited)",
					"@executable_path/Frameworks",
				);
				MARKETING_VERSION = 1.0;
				PRODUCT_BUNDLE_IDENTIFIER = kwk.InteractiveUI;
				PRODUCT_NAME = "$(TARGET_NAME)";
				SWIFT_EMIT_LOC_STRINGS = YES;
				SWIFT_VERSION = 5.0;
				TARGETED_DEVICE_FAMILY = "1,2";
			};
			name = Release;
		};
		AB31B86F2E317FDC00F0AC79 /* Debug */ = {
			isa = XCBuildConfiguration;
			buildSettings = {
				BUNDLE_LOADER = "$(TEST_HOST)";
				CODE_SIGN_STYLE = Automatic;
				CURRENT_PROJECT_VERSION = 1;
				GENERATE_INFOPLIST_FILE = YES;
				IPHONEOS_DEPLOYMENT_TARGET = 18.5;
				MARKETING_VERSION = 1.0;
				PRODUCT_BUNDLE_IDENTIFIER = kwk.InteractiveUITests;
				PRODUCT_NAME = "$(TARGET_NAME)";
				SWIFT_EMIT_LOC_STRINGS = NO;
				SWIFT_VERSION = 5.0;
				TARGETED_DEVICE_FAMILY = "1,2";
				TEST_HOST = "$(BUILT_PRODUCTS_DIR)/InteractiveUI.app/$(BUNDLE_EXECUTABLE_FOLDER_PATH)/InteractiveUI";
			};
			name = Debug;
		};
		AB31B8702E317FDC00F0AC79 /* Release */ = {
			isa = XCBuildConfiguration;
			buildSettings = {
				BUNDLE_LOADER = "$(TEST_HOST)";
				CODE_SIGN_STYLE = Automatic;
				CURRENT_PROJECT_VERSION = 1;
				GENERATE_INFOPLIST_FILE = YES;
				IPHONEOS_DEPLOYMENT_TARGET = 18.5;
				MARKETING_VERSION = 1.0;
				PRODUCT_BUNDLE_IDENTIFIER = kwk.InteractiveUITests;
				PRODUCT_NAME = "$(TARGET_NAME)";
				SWIFT_EMIT_LOC_STRINGS = NO;
				SWIFT_VERSION = 5.0;
				TARGETED_DEVICE_FAMILY = "1,2";
				TEST_HOST = "$(BUILT_PRODUCTS_DIR)/InteractiveUI.app/$(BUNDLE_EXECUTABLE_FOLDER_PATH)/InteractiveUI";
			};
			name = Release;
		};
		AB31B8722E317FDC00F0AC79 /* Debug */ = {
			isa = XCBuildConfiguration;
			buildSettings = {
				CODE_SIGN_STYLE = Automatic;
				CURRENT_PROJECT_VERSION = 1;
				GENERATE_INFOPLIST_FILE = YES;
				MARKETING_VERSION = 1.0;
				PRODUCT_BUNDLE_IDENTIFIER = kwk.InteractiveUIUITests;
				PRODUCT_NAME = "$(TARGET_NAME)";
				SWIFT_EMIT_LOC_STRINGS = NO;
				SWIFT_VERSION = 5.0;
				TARGETED_DEVICE_FAMILY = "1,2";
				TEST_TARGET_NAME = InteractiveUI;
			};
			name = Debug;
		};
		AB31B8732E317FDC00F0AC79 /* Release */ = {
			isa = XCBuildConfiguration;
			buildSettings = {
				CODE_SIGN_STYLE = Automatic;
				CURRENT_PROJECT_VERSION = 1;
				GENERATE_INFOPLIST_FILE = YES;
				MARKETING_VERSION = 1.0;
				PRODUCT_BUNDLE_IDENTIFIER = kwk.InteractiveUIUITests;
				PRODUCT_NAME = "$(TARGET_NAME)";
				SWIFT_EMIT_LOC_STRINGS = NO;
				SWIFT_VERSION = 5.0;
				TARGETED_DEVICE_FAMILY = "1,2";
				TEST_TARGET_NAME = InteractiveUI;
			};
			name = Release;
		};
/* End XCBuildConfiguration section */

/* Begin XCConfigurationList section */
		AB31B8452E317FDB00F0AC79 /* Build configuration list for PBXProject "InteractiveUI" */ = {
			isa = XCConfigurationList;
			buildConfigurations = (
				AB31B8692E317FDC00F0AC79 /* Debug */,
				AB31B86A2E317FDC00F0AC79 /* Release */,
			);
			defaultConfigurationIsVisible = 0;
			defaultConfigurationName = Release;
		};
		AB31B86B2E317FDC00F0AC79 /* Build configuration list for PBXNativeTarget "InteractiveUI" */ = {
			isa = XCConfigurationList;
			buildConfigurations = (
				AB31B86C2E317FDC00F0AC79 /* Debug */,
				AB31B86D2E317FDC00F0AC79 /* Release */,
			);
			defaultConfigurationIsVisible = 0;
			defaultConfigurationName = Release;
		};
		AB31B86E2E317FDC00F0AC79 /* Build configuration list for PBXNativeTarget "InteractiveUITests" */ = {
			isa = XCConfigurationList;
			buildConfigurations = (
				AB31B86F2E317FDC00F0AC79 /* Debug */,
				AB31B8702E317FDC00F0AC79 /* Release */,
			);
			defaultConfigurationIsVisible = 0;
			defaultConfigurationName = Release;
		};
		AB31B8712E317FDC00F0AC79 /* Build configuration list for PBXNativeTarget "InteractiveUIUITests" */ = {
			isa = XCConfigurationList;
			buildConfigurations = (
				AB31B8722E317FDC00F0AC79 /* Debug */,
				AB31B8732E317FDC00F0AC79 /* Release */,
			);
			defaultConfigurationIsVisible = 0;
			defaultConfigurationName = Release;
		};
/* End XCConfigurationList section */
	};
	rootObject = AB31B8422E317FDB00F0AC79 /* Project object */;
}
